// !$*UTF8*$!
{
	archiveVersion = 1;
	classes = {
	};
	objectVersion = 50;
	objects = {

/* Begin PBXBuildFile section */
		C83FDF0F20F871F7004E6B8D /* AppDelegate.m in Sources */ = {isa = PBXBuildFile; fileRef = C83FDF0E20F871F7004E6B8D /* AppDelegate.m */; };
		C83FDF1220F871F7004E6B8D /* ViewController.m in Sources */ = {isa = PBXBuildFile; fileRef = C83FDF1120F871F7004E6B8D /* ViewController.m */; };
		C83FDF1520F871F7004E6B8D /* Main.storyboard in Resources */ = {isa = PBXBuildFile; fileRef = C83FDF1320F871F7004E6B8D /* Main.storyboard */; };
		C83FDF1720F871F9004E6B8D /* Assets.xcassets in Resources */ = {isa = PBXBuildFile; fileRef = C83FDF1620F871F9004E6B8D /* Assets.xcassets */; };
		C83FDF1A20F871F9004E6B8D /* LaunchScreen.storyboard in Resources */ = {isa = PBXBuildFile; fileRef = C83FDF1820F871F9004E6B8D /* LaunchScreen.storyboard */; };
		C83FDF1D20F871F9004E6B8D /* main.m in Sources */ = {isa = PBXBuildFile; fileRef = C83FDF1C20F871F9004E6B8D /* main.m */; };
		C83FDF2720F871F9004E6B8D /* MQAlertControllerTests.m in Sources */ = {isa = PBXBuildFile; fileRef = C83FDF2620F871F9004E6B8D /* MQAlertControllerTests.m */; };
		C83FDF3220F871F9004E6B8D /* MQAlertControllerUITests.m in Sources */ = {isa = PBXBuildFile; fileRef = C83FDF3120F871F9004E6B8D /* MQAlertControllerUITests.m */; };
		C83FDF4520F872A8004E6B8D /* MQAlertController.m in Sources */ = {isa = PBXBuildFile; fileRef = C83FDF4420F872A8004E6B8D /* MQAlertController.m */; };
/* End PBXBuildFile section */

/* Begin PBXContainerItemProxy section */
		C83FDF2320F871F9004E6B8D /* PBXContainerItemProxy */ = {
			isa = PBXContainerItemProxy;
			containerPortal = C83FDF0220F871F7004E6B8D /* Project object */;
			proxyType = 1;
			remoteGlobalIDString = C83FDF0920F871F7004E6B8D;
			remoteInfo = MQAlertController;
		};
		C83FDF2E20F871F9004E6B8D /* PBXContainerItemProxy */ = {
			isa = PBXContainerItemProxy;
			containerPortal = C83FDF0220F871F7004E6B8D /* Project object */;
			proxyType = 1;
			remoteGlobalIDString = C83FDF0920F871F7004E6B8D;
			remoteInfo = MQAlertController;
		};
/* End PBXContainerItemProxy section */

/* Begin PBXFileReference section */
		C83FDF0A20F871F7004E6B8D /* MQAlertController.app */ = {isa = PBXFileReference; explicitFileType = wrapper.application; includeInIndex = 0; path = MQAlertController.app; sourceTree = BUILT_PRODUCTS_DIR; };
		C83FDF0D20F871F7004E6B8D /* AppDelegate.h */ = {isa = PBXFileReference; lastKnownFileType = sourcecode.c.h; path = AppDelegate.h; sourceTree = "<group>"; };
		C83FDF0E20F871F7004E6B8D /* AppDelegate.m */ = {isa = PBXFileReference; lastKnownFileType = sourcecode.c.objc; path = AppDelegate.m; sourceTree = "<group>"; };
		C83FDF1020F871F7004E6B8D /* ViewController.h */ = {isa = PBXFileReference; lastKnownFileType = sourcecode.c.h; path = ViewController.h; sourceTree = "<group>"; };
		C83FDF1120F871F7004E6B8D /* ViewController.m */ = {isa = PBXFileReference; lastKnownFileType = sourcecode.c.objc; path = ViewController.m; sourceTree = "<group>"; };
		C83FDF1420F871F7004E6B8D /* Base */ = {isa = PBXFileReference; lastKnownFileType = file.storyboard; name = Base; path = Base.lproj/Main.storyboard; sourceTree = "<group>"; };
		C83FDF1620F871F9004E6B8D /* Assets.xcassets */ = {isa = PBXFileReference; lastKnownFileType = folder.assetcatalog; path = Assets.xcassets; sourceTree = "<group>"; };
		C83FDF1920F871F9004E6B8D /* Base */ = {isa = PBXFileReference; lastKnownFileType = file.storyboard; name = Base; path = Base.lproj/LaunchScreen.storyboard; sourceTree = "<group>"; };
		C83FDF1B20F871F9004E6B8D /* Info.plist */ = {isa = PBXFileReference; lastKnownFileType = text.plist.xml; path = Info.plist; sourceTree = "<group>"; };
		C83FDF1C20F871F9004E6B8D /* main.m */ = {isa = PBXFileReference; lastKnownFileType = sourcecode.c.objc; path = main.m; sourceTree = "<group>"; };
		C83FDF2220F871F9004E6B8D /* MQAlertControllerTests.xctest */ = {isa = PBXFileReference; explicitFileType = wrapper.cfbundle; includeInIndex = 0; path = MQAlertControllerTests.xctest; sourceTree = BUILT_PRODUCTS_DIR; };
		C83FDF2620F871F9004E6B8D /* MQAlertControllerTests.m */ = {isa = PBXFileReference; lastKnownFileType = sourcecode.c.objc; path = MQAlertControllerTests.m; sourceTree = "<group>"; };
		C83FDF2820F871F9004E6B8D /* Info.plist */ = {isa = PBXFileReference; lastKnownFileType = text.plist.xml; path = Info.plist; sourceTree = "<group>"; };
		C83FDF2D20F871F9004E6B8D /* MQAlertControllerUITests.xctest */ = {isa = PBXFileReference; explicitFileType = wrapper.cfbundle; includeInIndex = 0; path = MQAlertControllerUITests.xctest; sourceTree = BUILT_PRODUCTS_DIR; };
		C83FDF3120F871F9004E6B8D /* MQAlertControllerUITests.m */ = {isa = PBXFileReference; lastKnownFileType = sourcecode.c.objc; path = MQAlertControllerUITests.m; sourceTree = "<group>"; };
		C83FDF3320F871F9004E6B8D /* Info.plist */ = {isa = PBXFileReference; lastKnownFileType = text.plist.xml; path = Info.plist; sourceTree = "<group>"; };
		C83FDF4320F872A8004E6B8D /* MQAlertController.h */ = {isa = PBXFileReference; fileEncoding = 4; lastKnownFileType = sourcecode.c.h; path = MQAlertController.h; sourceTree = "<group>"; };
		C83FDF4420F872A8004E6B8D /* MQAlertController.m */ = {isa = PBXFileReference; fileEncoding = 4; lastKnownFileType = sourcecode.c.objc; path = MQAlertController.m; sourceTree = "<group>"; };
/* End PBXFileReference section */

/* Begin PBXFrameworksBuildPhase section */
		C83FDF0720F871F7004E6B8D /* Frameworks */ = {
			isa = PBXFrameworksBuildPhase;
			buildActionMask = 2147483647;
			files = (
			);
			runOnlyForDeploymentPostprocessing = 0;
		};
		C83FDF1F20F871F9004E6B8D /* Frameworks */ = {
			isa = PBXFrameworksBuildPhase;
			buildActionMask = 2147483647;
			files = (
			);
			runOnlyForDeploymentPostprocessing = 0;
		};
		C83FDF2A20F871F9004E6B8D /* Frameworks */ = {
			isa = PBXFrameworksBuildPhase;
			buildActionMask = 2147483647;
			files = (
			);
			runOnlyForDeploymentPostprocessing = 0;
		};
/* End PBXFrameworksBuildPhase section */

/* Begin PBXGroup section */
		C83FDF0120F871F7004E6B8D = {
			isa = PBXGroup;
			children = (
				C83FDF0C20F871F7004E6B8D /* MQAlertController */,
				C83FDF2520F871F9004E6B8D /* MQAlertControllerTests */,
				C83FDF3020F871F9004E6B8D /* MQAlertControllerUITests */,
				C83FDF0B20F871F7004E6B8D /* Products */,
			);
			sourceTree = "<group>";
		};
		C83FDF0B20F871F7004E6B8D /* Products */ = {
			isa = PBXGroup;
			children = (
				C83FDF0A20F871F7004E6B8D /* MQAlertController.app */,
				C83FDF2220F871F9004E6B8D /* MQAlertControllerTests.xctest */,
				C83FDF2D20F871F9004E6B8D /* MQAlertControllerUITests.xctest */,
			);
			name = Products;
			sourceTree = "<group>";
		};
		C83FDF0C20F871F7004E6B8D /* MQAlertController */ = {
			isa = PBXGroup;
			children = (
				C83FDF4220F872A8004E6B8D /* MQAlertController */,
				C83FDF0D20F871F7004E6B8D /* AppDelegate.h */,
				C83FDF0E20F871F7004E6B8D /* AppDelegate.m */,
				C83FDF1020F871F7004E6B8D /* ViewController.h */,
				C83FDF1120F871F7004E6B8D /* ViewController.m */,
				C83FDF1320F871F7004E6B8D /* Main.storyboard */,
				C83FDF1620F871F9004E6B8D /* Assets.xcassets */,
				C83FDF1820F871F9004E6B8D /* LaunchScreen.storyboard */,
				C83FDF1B20F871F9004E6B8D /* Info.plist */,
				C83FDF1C20F871F9004E6B8D /* main.m */,
			);
			path = MQAlertController;
			sourceTree = "<group>";
		};
		C83FDF2520F871F9004E6B8D /* MQAlertControllerTests */ = {
			isa = PBXGroup;
			children = (
				C83FDF2620F871F9004E6B8D /* MQAlertControllerTests.m */,
				C83FDF2820F871F9004E6B8D /* Info.plist */,
			);
			path = MQAlertControllerTests;
			sourceTree = "<group>";
		};
		C83FDF3020F871F9004E6B8D /* MQAlertControllerUITests */ = {
			isa = PBXGroup;
			children = (
				C83FDF3120F871F9004E6B8D /* MQAlertControllerUITests.m */,
				C83FDF3320F871F9004E6B8D /* Info.plist */,
			);
			path = MQAlertControllerUITests;
			sourceTree = "<group>";
		};
		C83FDF4220F872A8004E6B8D /* MQAlertController */ = {
			isa = PBXGroup;
			children = (
				C83FDF4320F872A8004E6B8D /* MQAlertController.h */,
				C83FDF4420F872A8004E6B8D /* MQAlertController.m */,
			);
			path = MQAlertController;
			sourceTree = "<group>";
		};
/* End PBXGroup section */

/* Begin PBXNativeTarget section */
		C83FDF0920F871F7004E6B8D /* MQAlertController */ = {
			isa = PBXNativeTarget;
			buildConfigurationList = C83FDF3620F871F9004E6B8D /* Build configuration list for PBXNativeTarget "MQAlertController" */;
			buildPhases = (
				C83FDF0620F871F7004E6B8D /* Sources */,
				C83FDF0720F871F7004E6B8D /* Frameworks */,
				C83FDF0820F871F7004E6B8D /* Resources */,
			);
			buildRules = (
			);
			dependencies = (
			);
			name = MQAlertController;
			productName = MQAlertController;
			productReference = C83FDF0A20F871F7004E6B8D /* MQAlertController.app */;
			productType = "com.apple.product-type.application";
		};
		C83FDF2120F871F9004E6B8D /* MQAlertControllerTests */ = {
			isa = PBXNativeTarget;
			buildConfigurationList = C83FDF3920F871F9004E6B8D /* Build configuration list for PBXNativeTarget "MQAlertControllerTests" */;
			buildPhases = (
				C83FDF1E20F871F9004E6B8D /* Sources */,
				C83FDF1F20F871F9004E6B8D /* Frameworks */,
				C83FDF2020F871F9004E6B8D /* Resources */,
			);
			buildRules = (
			);
			dependencies = (
				C83FDF2420F871F9004E6B8D /* PBXTargetDependency */,
			);
			name = MQAlertControllerTests;
			productName = MQAlertControllerTests;
			productReference = C83FDF2220F871F9004E6B8D /* MQAlertControllerTests.xctest */;
			productType = "com.apple.product-type.bundle.unit-test";
		};
		C83FDF2C20F871F9004E6B8D /* MQAlertControllerUITests */ = {
			isa = PBXNativeTarget;
			buildConfigurationList = C83FDF3C20F871F9004E6B8D /* Build configuration list for PBXNativeTarget "MQAlertControllerUITests" */;
			buildPhases = (
				C83FDF2920F871F9004E6B8D /* Sources */,
				C83FDF2A20F871F9004E6B8D /* Frameworks */,
				C83FDF2B20F871F9004E6B8D /* Resources */,
			);
			buildRules = (
			);
			dependencies = (
				C83FDF2F20F871F9004E6B8D /* PBXTargetDependency */,
			);
			name = MQAlertControllerUITests;
			productName = MQAlertControllerUITests;
			productReference = C83FDF2D20F871F9004E6B8D /* MQAlertControllerUITests.xctest */;
			productType = "com.apple.product-type.bundle.ui-testing";
		};
/* End PBXNativeTarget section */

/* Begin PBXProject section */
		C83FDF0220F871F7004E6B8D /* Project object */ = {
			isa = PBXProject;
			attributes = {
				LastUpgradeCheck = 0930;
				ORGANIZATIONNAME = mqluo;
				TargetAttributes = {
					C83FDF0920F871F7004E6B8D = {
						CreatedOnToolsVersion = 9.3;
					};
					C83FDF2120F871F9004E6B8D = {
						CreatedOnToolsVersion = 9.3;
						TestTargetID = C83FDF0920F871F7004E6B8D;
					};
					C83FDF2C20F871F9004E6B8D = {
						CreatedOnToolsVersion = 9.3;
						TestTargetID = C83FDF0920F871F7004E6B8D;
					};
				};
			};
			buildConfigurationList = C83FDF0520F871F7004E6B8D /* Build configuration list for PBXProject "MQAlertController" */;
			compatibilityVersion = "Xcode 9.3";
			developmentRegion = en;
			hasScannedForEncodings = 0;
			knownRegions = (
				en,
				Base,
			);
			mainGroup = C83FDF0120F871F7004E6B8D;
			productRefGroup = C83FDF0B20F871F7004E6B8D /* Products */;
			projectDirPath = "";
			projectRoot = "";
			targets = (
				C83FDF0920F871F7004E6B8D /* MQAlertController */,
				C83FDF2120F871F9004E6B8D /* MQAlertControllerTests */,
				C83FDF2C20F871F9004E6B8D /* MQAlertControllerUITests */,
			);
		};
/* End PBXProject section */

/* Begin PBXResourcesBuildPhase section */
		C83FDF0820F871F7004E6B8D /* Resources */ = {
			isa = PBXResourcesBuildPhase;
			buildActionMask = 2147483647;
			files = (
				C83FDF1A20F871F9004E6B8D /* LaunchScreen.storyboard in Resources */,
				C83FDF1720F871F9004E6B8D /* Assets.xcassets in Resources */,
				C83FDF1520F871F7004E6B8D /* Main.storyboard in Resources */,
			);
			runOnlyForDeploymentPostprocessing = 0;
		};
		C83FDF2020F871F9004E6B8D /* Resources */ = {
			isa = PBXResourcesBuildPhase;
			buildActionMask = 2147483647;
			files = (
			);
			runOnlyForDeploymentPostprocessing = 0;
		};
		C83FDF2B20F871F9004E6B8D /* Resources */ = {
			isa = PBXResourcesBuildPhase;
			buildActionMask = 2147483647;
			files = (
			);
			runOnlyForDeploymentPostprocessing = 0;
		};
/* End PBXResourcesBuildPhase section */

/* Begin PBXSourcesBuildPhase section */
		C83FDF0620F871F7004E6B8D /* Sources */ = {
			isa = PBXSourcesBuildPhase;
			buildActionMask = 2147483647;
			files = (
				C83FDF4520F872A8004E6B8D /* MQAlertController.m in Sources */,
				C83FDF1220F871F7004E6B8D /* ViewController.m in Sources */,
				C83FDF1D20F871F9004E6B8D /* main.m in Sources */,
				C83FDF0F20F871F7004E6B8D /* AppDelegate.m in Sources */,
			);
			runOnlyForDeploymentPostprocessing = 0;
		};
		C83FDF1E20F871F9004E6B8D /* Sources */ = {
			isa = PBXSourcesBuildPhase;
			buildActionMask = 2147483647;
			files = (
				C83FDF2720F871F9004E6B8D /* MQAlertControllerTests.m in Sources */,
			);
			runOnlyForDeploymentPostprocessing = 0;
		};
		C83FDF2920F871F9004E6B8D /* Sources */ = {
			isa = PBXSourcesBuildPhase;
			buildActionMask = 2147483647;
			files = (
				C83FDF3220F871F9004E6B8D /* MQAlertControllerUITests.m in Sources */,
			);
			runOnlyForDeploymentPostprocessing = 0;
		};
/* End PBXSourcesBuildPhase section */

/* Begin PBXTargetDependency section */
		C83FDF2420F871F9004E6B8D /* PBXTargetDependency */ = {
			isa = PBXTargetDependency;
			target = C83FDF0920F871F7004E6B8D /* MQAlertController */;
			targetProxy = C83FDF2320F871F9004E6B8D /* PBXContainerItemProxy */;
		};
		C83FDF2F20F871F9004E6B8D /* PBXTargetDependency */ = {
			isa = PBXTargetDependency;
			target = C83FDF0920F871F7004E6B8D /* MQAlertController */;
			targetProxy = C83FDF2E20F871F9004E6B8D /* PBXContainerItemProxy */;
		};
/* End PBXTargetDependency section */

/* Begin PBXVariantGroup section */
		C83FDF1320F871F7004E6B8D /* Main.storyboard */ = {
			isa = PBXVariantGroup;
			children = (
				C83FDF1420F871F7004E6B8D /* Base */,
			);
			name = Main.storyboard;
			sourceTree = "<group>";
		};
		C83FDF1820F871F9004E6B8D /* LaunchScreen.storyboard */ = {
			isa = PBXVariantGroup;
			children = (
				C83FDF1920F871F9004E6B8D /* Base */,
			);
			name = LaunchScreen.storyboard;
			sourceTree = "<group>";
		};
/* End PBXVariantGroup section */

/* Begin XCBuildConfiguration section */
		C83FDF3420F871F9004E6B8D /* Debug */ = {
			isa = XCBuildConfiguration;
			buildSettings = {
				ALWAYS_SEARCH_USER_PATHS = NO;
				CLANG_ANALYZER_NONNULL = YES;
				CLANG_ANALYZER_NUMBER_OBJECT_CONVERSION = YES_AGGRESSIVE;
				CLANG_CXX_LANGUAGE_STANDARD = "gnu++14";
				CLANG_CXX_LIBRARY = "libc++";
				CLANG_ENABLE_MODULES = YES;
				CLANG_ENABLE_OBJC_ARC = YES;
				CLANG_ENABLE_OBJC_WEAK = YES;
				CLANG_WARN_BLOCK_CAPTURE_AUTORELEASING = YES;
				CLANG_WARN_BOOL_CONVERSION = YES;
				CLANG_WARN_COMMA = YES;
				CLANG_WARN_CONSTANT_CONVERSION = YES;
				CLANG_WARN_DEPRECATED_OBJC_IMPLEMENTATIONS = YES;
				CLANG_WARN_DIRECT_OBJC_ISA_USAGE = YES_ERROR;
				CLANG_WARN_DOCUMENTATION_COMMENTS = YES;
				CLANG_WARN_EMPTY_BODY = YES;
				CLANG_WARN_ENUM_CONVERSION = YES;
				CLANG_WARN_INFINITE_RECURSION = YES;
				CLANG_WARN_INT_CONVERSION = YES;
				CLANG_WARN_NON_LITERAL_NULL_CONVERSION = YES;
				CLANG_WARN_OBJC_IMPLICIT_RETAIN_SELF = YES;
				CLANG_WARN_OBJC_LITERAL_CONVERSION = YES;
				CLANG_WARN_OBJC_ROOT_CLASS = YES_ERROR;
				CLANG_WARN_RANGE_LOOP_ANALYSIS = YES;
				CLANG_WARN_STRICT_PROTOTYPES = YES;
				CLANG_WARN_SUSPICIOUS_MOVE = YES;
				CLANG_WARN_UNGUARDED_AVAILABILITY = YES_AGGRESSIVE;
				CLANG_WARN_UNREACHABLE_CODE = YES;
				CLANG_WARN__DUPLICATE_METHOD_MATCH = YES;
				CODE_SIGN_IDENTITY = "iPhone Developer";
				COPY_PHASE_STRIP = NO;
				DEBUG_INFORMATION_FORMAT = dwarf;
				ENABLE_STRICT_OBJC_MSGSEND = YES;
				ENABLE_TESTABILITY = YES;
				GCC_C_LANGUAGE_STANDARD = gnu11;
				GCC_DYNAMIC_NO_PIC = NO;
				GCC_NO_COMMON_BLOCKS = YES;
				GCC_OPTIMIZATION_LEVEL = 0;
				GCC_PREPROCESSOR_DEFINITIONS = (
					"DEBUG=1",
					"$(inherited)",
				);
				GCC_WARN_64_TO_32_BIT_CONVERSION = YES;
				GCC_WARN_ABOUT_RETURN_TYPE = YES_ERROR;
				GCC_WARN_UNDECLARED_SELECTOR = YES;
				GCC_WARN_UNINITIALIZED_AUTOS = YES_AGGRESSIVE;
				GCC_WARN_UNUSED_FUNCTION = YES;
				GCC_WARN_UNUSED_VARIABLE = YES;
				IPHONEOS_DEPLOYMENT_TARGET = 11.3;
				MTL_ENABLE_DEBUG_INFO = YES;
				ONLY_ACTIVE_ARCH = YES;
				SDKROOT = iphoneos;
			};
			name = Debug;
		};
		C83FDF3520F871F9004E6B8D /* Release */ = {
			isa = XCBuildConfiguration;
			buildSettings = {
				ALWAYS_SEARCH_USER_PATHS = NO;
				CLANG_ANALYZER_NONNULL = YES;
				CLANG_ANALYZER_NUMBER_OBJECT_CONVERSION = YES_AGGRESSIVE;
				CLANG_CXX_LANGUAGE_STANDARD = "gnu++14";
				CLANG_CXX_LIBRARY = "libc++";
				CLANG_ENABLE_MODULES = YES;
				CLANG_ENABLE_OBJC_ARC = YES;
				CLANG_ENABLE_OBJC_WEAK = YES;
				CLANG_WARN_BLOCK_CAPTURE_AUTORELEASING = YES;
				CLANG_WARN_BOOL_CONVERSION = YES;
				CLANG_WARN_COMMA = YES;
				CLANG_WARN_CONSTANT_CONVERSION = YES;
				CLANG_WARN_DEPRECATED_OBJC_IMPLEMENTATIONS = YES;
				CLANG_WARN_DIRECT_OBJC_ISA_USAGE = YES_ERROR;
				CLANG_WARN_DOCUMENTATION_COMMENTS = YES;
				CLANG_WARN_EMPTY_BODY = YES;
				CLANG_WARN_ENUM_CONVERSION = YES;
				CLANG_WARN_INFINITE_RECURSION = YES;
				CLANG_WARN_INT_CONVERSION = YES;
				CLANG_WARN_NON_LITERAL_NULL_CONVERSION = YES;
				CLANG_WARN_OBJC_IMPLICIT_RETAIN_SELF = YES;
				CLANG_WARN_OBJC_LITERAL_CONVERSION = YES;
				CLANG_WARN_OBJC_ROOT_CLASS = YES_ERROR;
				CLANG_WARN_RANGE_LOOP_ANALYSIS = YES;
				CLANG_WARN_STRICT_PROTOTYPES = YES;
				CLANG_WARN_SUSPICIOUS_MOVE = YES;
				CLANG_WARN_UNGUARDED_AVAILABILITY = YES_AGGRESSIVE;
				CLANG_WARN_UNREACHABLE_CODE = YES;
				CLANG_WARN__DUPLICATE_METHOD_MATCH = YES;
				CODE_SIGN_IDENTITY = "iPhone Developer";
				COPY_PHASE_STRIP = NO;
				DEBUG_INFORMATION_FORMAT = "dwarf-with-dsym";
				ENABLE_NS_ASSERTIONS = NO;
				ENABLE_STRICT_OBJC_MSGSEND = YES;
				GCC_C_LANGUAGE_STANDARD = gnu11;
				GCC_NO_COMMON_BLOCKS = YES;
				GCC_WARN_64_TO_32_BIT_CONVERSION = YES;
				GCC_WARN_ABOUT_RETURN_TYPE = YES_ERROR;
				GCC_WARN_UNDECLARED_SELECTOR = YES;
				GCC_WARN_UNINITIALIZED_AUTOS = YES_AGGRESSIVE;
				GCC_WARN_UNUSED_FUNCTION = YES;
				GCC_WARN_UNUSED_VARIABLE = YES;
				IPHONEOS_DEPLOYMENT_TARGET = 11.3;
				MTL_ENABLE_DEBUG_INFO = NO;
				SDKROOT = iphoneos;
				VALIDATE_PRODUCT = YES;
			};
			name = Release;
		};
		C83FDF3720F871F9004E6B8D /* Debug */ = {
			isa = XCBuildConfiguration;
			buildSettings = {
				ASSETCATALOG_COMPILER_APPICON_NAME = AppIcon;
				CODE_SIGN_STYLE = Automatic;
				INFOPLIST_FILE = MQAlertController/Info.plist;
				LD_RUNPATH_SEARCH_PATHS = (
					"$(inherited)",
					"@executable_path/Frameworks",
				);
				PRODUCT_BUNDLE_IDENTIFIER = mqluo.MQAlertController;
				PRODUCT_NAME = "$(TARGET_NAME)";
				TARGETED_DEVICE_FAMILY = "1,2";
			};
			name = Debug;
		};
		C83FDF3820F871F9004E6B8D /* Release */ = {
			isa = XCBuildConfiguration;
			buildSettings = {
				ASSETCATALOG_COMPILER_APPICON_NAME = AppIcon;
				CODE_SIGN_STYLE = Automatic;
				INFOPLIST_FILE = MQAlertController/Info.plist;
				LD_RUNPATH_SEARCH_PATHS = (
					"$(inherited)",
					"@executable_path/Frameworks",
				);
				PRODUCT_BUNDLE_IDENTIFIER = mqluo.MQAlertController;
				PRODUCT_NAME = "$(TARGET_NAME)";
				TARGETED_DEVICE_FAMILY = "1,2";
			};
			name = Release;
		};
		C83FDF3A20F871F9004E6B8D /* Debug */ = {
			isa = XCBuildConfiguration;
			buildSettings = {
				BUNDLE_LOADER = "$(TEST_HOST)";
				CODE_SIGN_STYLE = Automatic;
				INFOPLIST_FILE = MQAlertControllerTests/Info.plist;
				LD_RUNPATH_SEARCH_PATHS = (
					"$(inherited)",
					"@executable_path/Frameworks",
					"@loader_path/Frameworks",
				);
				PRODUCT_BUNDLE_IDENTIFIER = mqluo.MQAlertControllerTests;
				PRODUCT_NAME = "$(TARGET_NAME)";
				TARGETED_DEVICE_FAMILY = "1,2";
				TEST_HOST = "$(BUILT_PRODUCTS_DIR)/MQAlertController.app/MQAlertController";
			};
			name = Debug;
		};
		C83FDF3B20F871F9004E6B8D /* Release */ = {
			isa = XCBuildConfiguration;
			buildSettings = {
				BUNDLE_LOADER = "$(TEST_HOST)";
				CODE_SIGN_STYLE = Automatic;
				INFOPLIST_FILE = MQAlertControllerTests/Info.plist;
				LD_RUNPATH_SEARCH_PATHS = (
					"$(inherited)",
					"@executable_path/Frameworks",
					"@loader_path/Frameworks",
				);
				PRODUCT_BUNDLE_IDENTIFIER = mqluo.MQAlertControllerTests;
				PRODUCT_NAME = "$(TARGET_NAME)";
				TARGETED_DEVICE_FAMILY = "1,2";
				TEST_HOST = "$(BUILT_PRODUCTS_DIR)/MQAlertController.app/MQAlertController";
			};
			name = Release;
		};
		C83FDF3D20F871F9004E6B8D /* Debug */ = {
			isa = XCBuildConfiguration;
			buildSettings = {
				CODE_SIGN_STYLE = Automatic;
				INFOPLIST_FILE = MQAlertControllerUITests/Info.plist;
				LD_RUNPATH_SEARCH_PATHS = (
					"$(inherited)",
					"@executable_path/Frameworks",
					"@loader_path/Frameworks",
				);
				PRODUCT_BUNDLE_IDENTIFIER = mqluo.MQAlertControllerUITests;
				PRODUCT_NAME = "$(TARGET_NAME)";
				TARGETED_DEVICE_FAMILY = "1,2";
				TEST_TARGET_NAME = MQAlertController;
			};
			name = Debug;
		};
		C83FDF3E20F871F9004E6B8D /* Release */ = {
			isa = XCBuildConfiguration;
			buildSettings = {
				CODE_SIGN_STYLE = Automatic;
				INFOPLIST_FILE = MQAlertControllerUITests/Info.plist;
				LD_RUNPATH_SEARCH_PATHS = (
					"$(inherited)",
					"@executable_path/Frameworks",
					"@loader_path/Frameworks",
				);
				PRODUCT_BUNDLE_IDENTIFIER = mqluo.MQAlertControllerUITests;
				PRODUCT_NAME = "$(TARGET_NAME)";
				TARGETED_DEVICE_FAMILY = "1,2";
				TEST_TARGET_NAME = MQAlertController;
			};
			name = Release;
		};
/* End XCBuildConfiguration section */

/* Begin XCConfigurationList section */
		C83FDF0520F871F7004E6B8D /* Build configuration list for PBXProject "MQAlertController" */ = {
			isa = XCConfigurationList;
			buildConfigurations = (
				C83FDF3420F871F9004E6B8D /* Debug */,
				C83FDF3520F871F9004E6B8D /* Release */,
			);
			defaultConfigurationIsVisible = 0;
			defaultConfigurationName = Release;
		};
		C83FDF3620F871F9004E6B8D /* Build configuration list for PBXNativeTarget "MQAlertController" */ = {
			isa = XCConfigurationList;
			buildConfigurations = (
				C83FDF3720F871F9004E6B8D /* Debug */,
				C83FDF3820F871F9004E6B8D /* Release */,
			);
			defaultConfigurationIsVisible = 0;
			defaultConfigurationName = Release;
		};
		C83FDF3920F871F9004E6B8D /* Build configuration list for PBXNativeTarget "MQAlertControllerTests" */ = {
			isa = XCConfigurationList;
			buildConfigurations = (
				C83FDF3A20F871F9004E6B8D /* Debug */,
				C83FDF3B20F871F9004E6B8D /* Release */,
			);
			defaultConfigurationIsVisible = 0;
			defaultConfigurationName = Release;
		};
		C83FDF3C20F871F9004E6B8D /* Build configuration list for PBXNativeTarget "MQAlertControllerUITests" */ = {
			isa = XCConfigurationList;
			buildConfigurations = (
				C83FDF3D20F871F9004E6B8D /* Debug */,
				C83FDF3E20F871F9004E6B8D /* Release */,
			);
			defaultConfigurationIsVisible = 0;
			defaultConfigurationName = Release;
		};
/* End XCConfigurationList section */
	};
	rootObject = C83FDF0220F871F7004E6B8D /* Project object */;
}
